
Microsoft Visual Studio Solution File, Format Version 12.00
# Visual Studio Version 17
VisualStudioVersion = 17.2.32616.157
MinimumVisualStudioVersion = 10.0.40219.1
Project("{FAE04EC0-301F-11D3-BF4B-00C04F79EFBC}") = "EmploymentManagementSystem.Api", "EmploymentManagementSystem.Api.csproj", "{633421A0-91DC-4A21-9125-63F081DBDCDE}"
EndProject
Project("{FAE04EC0-301F-11D3-BF4B-00C04F79EFBC}") = "EmploymentManagementSystem.Core", "..\EmploymentManagementSystem.Core\EmploymentManagementSystem.Core.csproj", "{652FBDF7-A8EA-4CA4-A7B7-6BEB6E9D8FC5}"
EndProject
Project("{FAE04EC0-301F-11D3-BF4B-00C04F79EFBC}") = "EmploymentManagementSystem.EF", "..\EmploymentManagementSystem.EF\EmploymentManagementSystem.EF.csproj", "{ABDF399F-7191-496C-93AE-BA09A37BE82B}"
EndProject
Global
	GlobalSection(SolutionConfigurationPlatforms) = preSolution
		Debug|Any CPU = Debug|Any CPU
		Release|Any CPU = Release|Any CPU
	EndGlobalSection
	GlobalSection(ProjectConfigurationPlatforms) = postSolution
		{633421A0-91DC-4A21-9125-63F081DBDCDE}.Debug|Any CPU.ActiveCfg = Debug|Any CPU
		{633421A0-91DC-4A21-9125-63F081DBDCDE}.Debug|Any CPU.Build.0 = Debug|Any CPU
		{633421A0-91DC-4A21-9125-63F081DBDCDE}.Release|Any CPU.ActiveCfg = Release|Any CPU
		{633421A0-91DC-4A21-9125-63F081DBDCDE}.Release|Any CPU.Build.0 = Release|Any CPU
		{652FBDF7-A8EA-4CA4-A7B7-6BEB6E9D8FC5}.Debug|Any CPU.ActiveCfg = Debug|Any CPU
		{652FBDF7-A8EA-4CA4-A7B7-6BEB6E9D8FC5}.Debug|Any CPU.Build.0 = Debug|Any CPU
		{652FBDF7-A8EA-4CA4-A7B7-6BEB6E9D8FC5}.Release|Any CPU.ActiveCfg = Release|Any CPU
		{652FBDF7-A8EA-4CA4-A7B7-6BEB6E9D8FC5}.Release|Any CPU.Build.0 = Release|Any CPU
		{ABDF399F-7191-496C-93AE-BA09A37BE82B}.Debug|Any CPU.ActiveCfg = Debug|Any CPU
		{ABDF399F-7191-496C-93AE-BA09A37BE82B}.Debug|Any CPU.Build.0 = Debug|Any CPU
		{ABDF399F-7191-496C-93AE-BA09A37BE82B}.Release|Any CPU.ActiveCfg = Release|Any CPU
		{ABDF399F-7191-496C-93AE-BA09A37BE82B}.Release|Any CPU.Build.0 = Release|Any CPU
	EndGlobalSection
	GlobalSection(SolutionProperties) = preSolution
		HideSolutionNode = FALSE
	EndGlobalSection
	GlobalSection(ExtensibilityGlobals) = postSolution
		SolutionGuid = {50678A2F-F64F-43A7-964D-E666CB57DA65}
	EndGlobalSection
EndGlobal
